{
  "name": "map",
  "version": "1.0.0",
  "lockfileVersion": 2,
  "requires": true,
  "packages": {
    "": {
      "name": "map",
      "version": "1.0.0",
      "license": "ISC",
      "dependencies": {
        "@types/bmapgl": "^0.0.5",
        "@types/googlemaps": "^3.43.3",
        "faker": "^5.5.3"
      },
      "devDependencies": {
        "@types/faker": "^5.5.3",
        "typescript": "^4.6.4"
      }
    },
    "node_modules/@types/bmapgl": {
      "version": "0.0.5",
      "resolved": "https://registry.npmmirror.com/@types/bmapgl/-/bmapgl-0.0.5.tgz",
      "integrity": "sha512-4LVndgKRKLT4OIgUENDb9Uf9CsT2FtIMvpfKxIQVerEYPEXlunof60qDJQb/+1bg78crv7QJiz71tfh6NfpHbg=="
    },
    "node_modules/@types/faker": {
      "version": "5.5.3",
      "resolved": "https://registry.npmmirror.com/@types/faker/-/faker-5.5.3.tgz",
      "integrity": "sha512-InxkM6sCFQTI6YQl29M/XGlO19ecv/EHH5X5zLEFdge2/qya8oIT0XkJUKTqheVYWJtGi+FBAfP7hbbunDiOmg==",
      "dev": true
    },
    "node_modules/@types/googlemaps": {
      "version": "3.43.3",
      "resolved": "https://registry.npmmirror.com/@types/googlemaps/-/googlemaps-3.43.3.tgz",
      "integrity": "sha512-ZWNoz/O8MPEpiajvj7QiqCY8tTLFNqNZ/a+s+zTV58wFVNAvvqV4bdGfnsjTb5Cs4V6wEsLrX8XRhmnyYJ2Tdg==",
      "deprecated": "Types for the Google Maps browser API have moved to @types/google.maps. Note: these types are not for the googlemaps npm package, which is a Node API."
    },
    "node_modules/faker": {
      "version": "5.5.3",
      "resolved": "https://registry.npmmirror.com/faker/-/faker-5.5.3.tgz",
      "integrity": "sha512-wLTv2a28wjUyWkbnX7u/ABZBkUkIF2fCd73V6P2oFqEGEktDfzWx4UxrSqtPRw0xPRAcjeAOIiJWqZm3pP4u3g=="
    },
    "node_modules/typescript": {
      "version": "4.6.4",
      "resolved": "https://registry.npmmirror.com/typescript/-/typescript-4.6.4.tgz",
      "integrity": "sha512-9ia/jWHIEbo49HfjrLGfKbZSuWo9iTMwXO+Ca3pRsSpbsMbc7/IU8NKdCZVRRBafVPGnoJeFL76ZOAA84I9fEg==",
      "dev": true,
      "bin": {
        "tsc": "bin/tsc",
        "tsserver": "bin/tsserver"
      },
      "engines": {
        "node": ">=4.2.0"
      }
    }
  },
  "dependencies": {
    "@types/bmapgl": {
      "version": "0.0.5",
      "resolved": "https://registry.npmmirror.com/@types/bmapgl/-/bmapgl-0.0.5.tgz",
      "integrity": "sha512-4LVndgKRKLT4OIgUENDb9Uf9CsT2FtIMvpfKxIQVerEYPEXlunof60qDJQb/+1bg78crv7QJiz71tfh6NfpHbg=="
    },
    "@types/faker": {
      "version": "5.5.3",
      "resolved": "https://registry.npmmirror.com/@types/faker/-/faker-5.5.3.tgz",
      "integrity": "sha512-InxkM6sCFQTI6YQl29M/XGlO19ecv/EHH5X5zLEFdge2/qya8oIT0XkJUKTqheVYWJtGi+FBAfP7hbbunDiOmg==",
      "dev": true
    },
    "@types/googlemaps": {
      "version": "3.43.3",
      "resolved": "https://registry.npmmirror.com/@types/googlemaps/-/googlemaps-3.43.3.tgz",
      "integrity": "sha512-ZWNoz/O8MPEpiajvj7QiqCY8tTLFNqNZ/a+s+zTV58wFVNAvvqV4bdGfnsjTb5Cs4V6wEsLrX8XRhmnyYJ2Tdg=="
    },
    "faker": {
      "version": "5.5.3",
      "resolved": "https://registry.npmmirror.com/faker/-/faker-5.5.3.tgz",
      "integrity": "sha512-wLTv2a28wjUyWkbnX7u/ABZBkUkIF2fCd73V6P2oFqEGEktDfzWx4UxrSqtPRw0xPRAcjeAOIiJWqZm3pP4u3g=="
    },
    "typescript": {
      "version": "4.6.4",
      "resolved": "https://registry.npmmirror.com/typescript/-/typescript-4.6.4.tgz",
      "integrity": "sha512-9ia/jWHIEbo49HfjrLGfKbZSuWo9iTMwXO+Ca3pRsSpbsMbc7/IU8NKdCZVRRBafVPGnoJeFL76ZOAA84I9fEg==",
      "dev": true
    }
  }
}
